
Microsoft Visual Studio Solution File, Format Version 12.00
# Visual Studio Version 16
VisualStudioVersion = 16.0.32802.440
MinimumVisualStudioVersion = 10.0.40219.1
Project("{FAE04EC0-301F-11D3-BF4B-00C04F79EFBC}") = "MSSQLApp", "MSSQLApp\MSSQLApp.csproj", "{B2A5C886-FA88-4EEB-903C-E20AEAC606F8}"
EndProject
Global
	GlobalSection(SolutionConfigurationPlatforms) = preSolution
		Debug|Any CPU = Debug|Any CPU
		Release|Any CPU = Release|Any CPU
	EndGlobalSection
	GlobalSection(ProjectConfigurationPlatforms) = postSolution
		{B2A5C886-FA88-4EEB-903C-E20AEAC606F8}.Debug|Any CPU.ActiveCfg = Debug|Any CPU
		{B2A5C886-FA88-4EEB-903C-E20AEAC606F8}.Debug|Any CPU.Build.0 = Debug|Any CPU
		{B2A5C886-FA88-4EEB-903C-E20AEAC606F8}.Release|Any CPU.ActiveCfg = Release|Any CPU
		{B2A5C886-FA88-4EEB-903C-E20AEAC606F8}.Release|Any CPU.Build.0 = Release|Any CPU
	EndGlobalSection
	GlobalSection(SolutionProperties) = preSolution
		HideSolutionNode = FALSE
	EndGlobalSection
	GlobalSection(ExtensibilityGlobals) = postSolution
		SolutionGuid = {4556D2E6-152D-4C58-935D-EF1C1F3A0C98}
	EndGlobalSection
EndGlobal
